// !$*UTF8*$!
{
	archiveVersion = 1;
	classes = {
	};
	objectVersion = 46;
	objects = {

/* Begin PBXBuildFile section */
		B79706711E79A09F0093CB57 /* main.m in Sources */ = {isa = PBXBuildFile; fileRef = B79706701E79A09F0093CB57 /* main.m */; };
		B79706741E79A09F0093CB57 /* AppDelegate.m in Sources */ = {isa = PBXBuildFile; fileRef = B79706731E79A09F0093CB57 /* AppDelegate.m */; };
		B79706771E79A09F0093CB57 /* ViewController.m in Sources */ = {isa = PBXBuildFile; fileRef = B79706761E79A09F0093CB57 /* ViewController.m */; };
		B797067A1E79A09F0093CB57 /* Main.storyboard in Resources */ = {isa = PBXBuildFile; fileRef = B79706781E79A09F0093CB57 /* Main.storyboard */; };
		B797067C1E79A09F0093CB57 /* Assets.xcassets in Resources */ = {isa = PBXBuildFile; fileRef = B797067B1E79A09F0093CB57 /* Assets.xcassets */; };
		B797067F1E79A09F0093CB57 /* LaunchScreen.storyboard in Resources */ = {isa = PBXBuildFile; fileRef = B797067D1E79A09F0093CB57 /* LaunchScreen.storyboard */; };
/* End PBXBuildFile section */

/* Begin PBXFileReference section */
		B797066C1E79A09F0093CB57 /* CZImageCache.app */ = {isa = PBXFileReference; explicitFileType = wrapper.application; includeInIndex = 0; path = CZImageCache.app; sourceTree = BUILT_PRODUCTS_DIR; };
		B79706701E79A09F0093CB57 /* main.m */ = {isa = PBXFileReference; lastKnownFileType = sourcecode.c.objc; path = main.m; sourceTree = "<group>"; };
		B79706721E79A09F0093CB57 /* AppDelegate.h */ = {isa = PBXFileReference; lastKnownFileType = sourcecode.c.h; path = AppDelegate.h; sourceTree = "<group>"; };
		B79706731E79A09F0093CB57 /* AppDelegate.m */ = {isa = PBXFileReference; lastKnownFileType = sourcecode.c.objc; path = AppDelegate.m; sourceTree = "<group>"; };
		B79706751E79A09F0093CB57 /* ViewController.h */ = {isa = PBXFileReference; lastKnownFileType = sourcecode.c.h; path = ViewController.h; sourceTree = "<group>"; };
		B79706761E79A09F0093CB57 /* ViewController.m */ = {isa = PBXFileReference; lastKnownFileType = sourcecode.c.objc; path = ViewController.m; sourceTree = "<group>"; };
		B79706791E79A09F0093CB57 /* Base */ = {isa = PBXFileReference; lastKnownFileType = file.storyboard; name = Base; path = Base.lproj/Main.storyboard; sourceTree = "<group>"; };
		B797067B1E79A09F0093CB57 /* Assets.xcassets */ = {isa = PBXFileReference; lastKnownFileType = folder.assetcatalog; path = Assets.xcassets; sourceTree = "<group>"; };
		B797067E1E79A09F0093CB57 /* Base */ = {isa = PBXFileReference; lastKnownFileType = file.storyboard; name = Base; path = Base.lproj/LaunchScreen.storyboard; sourceTree = "<group>"; };
		B79706801E79A09F0093CB57 /* Info.plist */ = {isa = PBXFileReference; lastKnownFileType = text.plist.xml; path = Info.plist; sourceTree = "<group>"; };
/* End PBXFileReference section */

/* Begin PBXFrameworksBuildPhase section */
		B79706691E79A09E0093CB57 /* Frameworks */ = {
			isa = PBXFrameworksBuildPhase;
			buildActionMask = 2147483647;
			files = (
			);
			runOnlyForDeploymentPostprocessing = 0;
		};
/* End PBXFrameworksBuildPhase section */

/* Begin PBXGroup section */
		B79706631E79A09E0093CB57 = {
			isa = PBXGroup;
			children = (
				B797066E1E79A09F0093CB57 /* CZImageCache */,
				B797066D1E79A09F0093CB57 /* Products */,
			);
			sourceTree = "<group>";
		};
		B797066D1E79A09F0093CB57 /* Products */ = {
			isa = PBXGroup;
			children = (
				B797066C1E79A09F0093CB57 /* CZImageCache.app */,
			);
			name = Products;
			sourceTree = "<group>";
		};
		B797066E1E79A09F0093CB57 /* CZImageCache */ = {
			isa = PBXGroup;
			children = (
				B79706721E79A09F0093CB57 /* AppDelegate.h */,
				B79706731E79A09F0093CB57 /* AppDelegate.m */,
				B79706751E79A09F0093CB57 /* ViewController.h */,
				B79706761E79A09F0093CB57 /* ViewController.m */,
				B79706781E79A09F0093CB57 /* Main.storyboard */,
				B797067B1E79A09F0093CB57 /* Assets.xcassets */,
				B797067D1E79A09F0093CB57 /* LaunchScreen.storyboard */,
				B79706801E79A09F0093CB57 /* Info.plist */,
				B797066F1E79A09F0093CB57 /* Supporting Files */,
			);
			path = CZImageCache;
			sourceTree = "<group>";
		};
		B797066F1E79A09F0093CB57 /* Supporting Files */ = {
			isa = PBXGroup;
			children = (
				B79706701E79A09F0093CB57 /* main.m */,
			);
			name = "Supporting Files";
			sourceTree = "<group>";
		};
/* End PBXGroup section */

/* Begin PBXNativeTarget section */
		B797066B1E79A09E0093CB57 /* CZImageCache */ = {
			isa = PBXNativeTarget;
			buildConfigurationList = B79706831E79A09F0093CB57 /* Build configuration list for PBXNativeTarget "CZImageCache" */;
			buildPhases = (
				B79706681E79A09E0093CB57 /* Sources */,
				B79706691E79A09E0093CB57 /* Frameworks */,
				B797066A1E79A09E0093CB57 /* Resources */,
			);
			buildRules = (
			);
			dependencies = (
			);
			name = CZImageCache;
			productName = CZImageCache;
			productReference = B797066C1E79A09F0093CB57 /* CZImageCache.app */;
			productType = "com.apple.product-type.application";
		};
/* End PBXNativeTarget section */

/* Begin PBXProject section */
		B79706641E79A09E0093CB57 /* Project object */ = {
			isa = PBXProject;
			attributes = {
				LastUpgradeCheck = 0820;
				ORGANIZATIONNAME = Ugood;
				TargetAttributes = {
					B797066B1E79A09E0093CB57 = {
						CreatedOnToolsVersion = 8.2.1;
						ProvisioningStyle = Automatic;
					};
				};
			};
			buildConfigurationList = B79706671E79A09E0093CB57 /* Build configuration list for PBXProject "CZImageCache" */;
			compatibilityVersion = "Xcode 3.2";
			developmentRegion = English;
			hasScannedForEncodings = 0;
			knownRegions = (
				en,
				Base,
			);
			mainGroup = B79706631E79A09E0093CB57;
			productRefGroup = B797066D1E79A09F0093CB57 /* Products */;
			projectDirPath = "";
			projectRoot = "";
			targets = (
				B797066B1E79A09E0093CB57 /* CZImageCache */,
			);
		};
/* End PBXProject section */

/* Begin PBXResourcesBuildPhase section */
		B797066A1E79A09E0093CB57 /* Resources */ = {
			isa = PBXResourcesBuildPhase;
			buildActionMask = 2147483647;
			files = (
				B797067F1E79A09F0093CB57 /* LaunchScreen.storyboard in Resources */,
				B797067C1E79A09F0093CB57 /* Assets.xcassets in Resources */,
				B797067A1E79A09F0093CB57 /* Main.storyboard in Resources */,
			);
			runOnlyForDeploymentPostprocessing = 0;
		};
/* End PBXResourcesBuildPhase section */

/* Begin PBXSourcesBuildPhase section */
		B79706681E79A09E0093CB57 /* Sources */ = {
			isa = PBXSourcesBuildPhase;
			buildActionMask = 2147483647;
			files = (
				B79706771E79A09F0093CB57 /* ViewController.m in Sources */,
				B79706741E79A09F0093CB57 /* AppDelegate.m in Sources */,
				B79706711E79A09F0093CB57 /* main.m in Sources */,
			);
			runOnlyForDeploymentPostprocessing = 0;
		};
/* End PBXSourcesBuildPhase section */

/* Begin PBXVariantGroup section */
		B79706781E79A09F0093CB57 /* Main.storyboard */ = {
			isa = PBXVariantGroup;
			children = (
				B79706791E79A09F0093CB57 /* Base */,
			);
			name = Main.storyboard;
			sourceTree = "<group>";
		};
		B797067D1E79A09F0093CB57 /* LaunchScreen.storyboard */ = {
			isa = PBXVariantGroup;
			children = (
				B797067E1E79A09F0093CB57 /* Base */,
			);
			name = LaunchScreen.storyboard;
			sourceTree = "<group>";
		};
/* End PBXVariantGroup section */

/* Begin XCBuildConfiguration section */
		B79706811E79A09F0093CB57 /* Debug */ = {
			isa = XCBuildConfiguration;
			buildSettings = {
				ALWAYS_SEARCH_USER_PATHS = NO;
				CLANG_ANALYZER_NONNULL = YES;
				CLANG_CXX_LANGUAGE_STANDARD = "gnu++0x";
				CLANG_CXX_LIBRARY = "libc++";
				CLANG_ENABLE_MODULES = YES;
				CLANG_ENABLE_OBJC_ARC = YES;
				CLANG_WARN_BOOL_CONVERSION = YES;
				CLANG_WARN_CONSTANT_CONVERSION = YES;
				CLANG_WARN_DIRECT_OBJC_ISA_USAGE = YES_ERROR;
				CLANG_WARN_DOCUMENTATION_COMMENTS = YES;
				CLANG_WARN_EMPTY_BODY = YES;
				CLANG_WARN_ENUM_CONVERSION = YES;
				CLANG_WARN_INFINITE_RECURSION = YES;
				CLANG_WARN_INT_CONVERSION = YES;
				CLANG_WARN_OBJC_ROOT_CLASS = YES_ERROR;
				CLANG_WARN_SUSPICIOUS_MOVE = YES;
				CLANG_WARN_UNREACHABLE_CODE = YES;
				CLANG_WARN__DUPLICATE_METHOD_MATCH = YES;
				"CODE_SIGN_IDENTITY[sdk=iphoneos*]" = "iPhone Developer";
				COPY_PHASE_STRIP = NO;
				DEBUG_INFORMATION_FORMAT = dwarf;
				ENABLE_STRICT_OBJC_MSGSEND = YES;
				ENABLE_TESTABILITY = YES;
				GCC_C_LANGUAGE_STANDARD = gnu99;
				GCC_DYNAMIC_NO_PIC = NO;
				GCC_NO_COMMON_BLOCKS = YES;
				GCC_OPTIMIZATION_LEVEL = 0;
				GCC_PREPROCESSOR_DEFINITIONS = (
					"DEBUG=1",
					"$(inherited)",
				);
				GCC_WARN_64_TO_32_BIT_CONVERSION = YES;
				GCC_WARN_ABOUT_RETURN_TYPE = YES_ERROR;
				GCC_WARN_UNDECLARED_SELECTOR = YES;
				GCC_WARN_UNINITIALIZED_AUTOS = YES_AGGRESSIVE;
				GCC_WARN_UNUSED_FUNCTION = YES;
				GCC_WARN_UNUSED_VARIABLE = YES;
				IPHONEOS_DEPLOYMENT_TARGET = 10.2;
				MTL_ENABLE_DEBUG_INFO = YES;
				ONLY_ACTIVE_ARCH = YES;
				SDKROOT = iphoneos;
			};
			name = Debug;
		};
		B79706821E79A09F0093CB57 /* Release */ = {
			isa = XCBuildConfiguration;
			buildSettings = {
				ALWAYS_SEARCH_USER_PATHS = NO;
				CLANG_ANALYZER_NONNULL = YES;
				CLANG_CXX_LANGUAGE_STANDARD = "gnu++0x";
				CLANG_CXX_LIBRARY = "libc++";
				CLANG_ENABLE_MODULES = YES;
				CLANG_ENABLE_OBJC_ARC = YES;
				CLANG_WARN_BOOL_CONVERSION = YES;
				CLANG_WARN_CONSTANT_CONVERSION = YES;
				CLANG_WARN_DIRECT_OBJC_ISA_USAGE = YES_ERROR;
				CLANG_WARN_DOCUMENTATION_COMMENTS = YES;
				CLANG_WARN_EMPTY_BODY = YES;
				CLANG_WARN_ENUM_CONVERSION = YES;
				CLANG_WARN_INFINITE_RECURSION = YES;
				CLANG_WARN_INT_CONVERSION = YES;
				CLANG_WARN_OBJC_ROOT_CLASS = YES_ERROR;
				CLANG_WARN_SUSPICIOUS_MOVE = YES;
				CLANG_WARN_UNREACHABLE_CODE = YES;
				CLANG_WARN__DUPLICATE_METHOD_MATCH = YES;
				"CODE_SIGN_IDENTITY[sdk=iphoneos*]" = "iPhone Developer";
				COPY_PHASE_STRIP = NO;
				DEBUG_INFORMATION_FORMAT = "dwarf-with-dsym";
				ENABLE_NS_ASSERTIONS = NO;
				ENABLE_STRICT_OBJC_MSGSEND = YES;
				GCC_C_LANGUAGE_STANDARD = gnu99;
				GCC_NO_COMMON_BLOCKS = YES;
				GCC_WARN_64_TO_32_BIT_CONVERSION = YES;
				GCC_WARN_ABOUT_RETURN_TYPE = YES_ERROR;
				GCC_WARN_UNDECLARED_SELECTOR = YES;
				GCC_WARN_UNINITIALIZED_AUTOS = YES_AGGRESSIVE;
				GCC_WARN_UNUSED_FUNCTION = YES;
				GCC_WARN_UNUSED_VARIABLE = YES;
				IPHONEOS_DEPLOYMENT_TARGET = 10.2;
				MTL_ENABLE_DEBUG_INFO = NO;
				SDKROOT = iphoneos;
				VALIDATE_PRODUCT = YES;
			};
			name = Release;
		};
		B79706841E79A09F0093CB57 /* Debug */ = {
			isa = XCBuildConfiguration;
			buildSettings = {
				ASSETCATALOG_COMPILER_APPICON_NAME = AppIcon;
				INFOPLIST_FILE = CZImageCache/Info.plist;
				IPHONEOS_DEPLOYMENT_TARGET = 8.0;
				LD_RUNPATH_SEARCH_PATHS = "$(inherited) @executable_path/Frameworks";
				PRODUCT_BUNDLE_IDENTIFIER = com.clayzhu.CZImageCache;
				PRODUCT_NAME = "$(TARGET_NAME)";
			};
			name = Debug;
		};
		B79706851E79A09F0093CB57 /* Release */ = {
			isa = XCBuildConfiguration;
			buildSettings = {
				ASSETCATALOG_COMPILER_APPICON_NAME = AppIcon;
				INFOPLIST_FILE = CZImageCache/Info.plist;
				IPHONEOS_DEPLOYMENT_TARGET = 8.0;
				LD_RUNPATH_SEARCH_PATHS = "$(inherited) @executable_path/Frameworks";
				PRODUCT_BUNDLE_IDENTIFIER = com.clayzhu.CZImageCache;
				PRODUCT_NAME = "$(TARGET_NAME)";
			};
			name = Release;
		};
/* End XCBuildConfiguration section */

/* Begin XCConfigurationList section */
		B79706671E79A09E0093CB57 /* Build configuration list for PBXProject "CZImageCache" */ = {
			isa = XCConfigurationList;
			buildConfigurations = (
				B79706811E79A09F0093CB57 /* Debug */,
				B79706821E79A09F0093CB57 /* Release */,
			);
			defaultConfigurationIsVisible = 0;
			defaultConfigurationName = Release;
		};
		B79706831E79A09F0093CB57 /* Build configuration list for PBXNativeTarget "CZImageCache" */ = {
			isa = XCConfigurationList;
			buildConfigurations = (
				B79706841E79A09F0093CB57 /* Debug */,
				B79706851E79A09F0093CB57 /* Release */,
			);
			defaultConfigurationIsVisible = 0;
		};
/* End XCConfigurationList section */
	};
	rootObject = B79706641E79A09E0093CB57 /* Project object */;
}
